// !$*UTF8*$!
{
	archiveVersion = 1;
	classes = {
	};
	objectVersion = 46;
	objects = {

/* Begin PBXBuildFile section */
		0A042A1F1EC489640093AAF3 /* customObjects.swift in Sources */ = {isa = PBXBuildFile; fileRef = 0A042A1E1EC489640093AAF3 /* customObjects.swift */; };
		0A3175FD1E80444100742DA3 /* Assets.xcassets in Resources */ = {isa = PBXBuildFile; fileRef = 0A3175FC1E80444100742DA3 /* Assets.xcassets */; };
		0A7ACA3D1E89305300332A76 /* ShadowColour.swift in Sources */ = {isa = PBXBuildFile; fileRef = 0A7ACA3C1E89305300332A76 /* ShadowColour.swift */; };
		0A7ACA3F1E89308D00332A76 /* CustomButton.swift in Sources */ = {isa = PBXBuildFile; fileRef = 0A7ACA3E1E89308D00332A76 /* CustomButton.swift */; };
		0A7ACA411E8941FA00332A76 /* LoginViewController.swift in Sources */ = {isa = PBXBuildFile; fileRef = 0A7ACA401E8941FA00332A76 /* LoginViewController.swift */; };
		0A7ACA431E8958A800332A76 /* SafariServices.framework in Frameworks */ = {isa = PBXBuildFile; fileRef = 0A7ACA421E8958A800332A76 /* SafariServices.framework */; };
		0A84D6AC1E719F62006EFDDF /* AppDelegate.swift in Sources */ = {isa = PBXBuildFile; fileRef = 0A84D6AB1E719F62006EFDDF /* AppDelegate.swift */; };
		0A84D6AE1E719F62006EFDDF /* MasterViewController.swift in Sources */ = {isa = PBXBuildFile; fileRef = 0A84D6AD1E719F62006EFDDF /* MasterViewController.swift */; };
		0A84D6B01E719F62006EFDDF /* DetailViewController.swift in Sources */ = {isa = PBXBuildFile; fileRef = 0A84D6AF1E719F62006EFDDF /* DetailViewController.swift */; };
		0A84D6B31E719F62006EFDDF /* Main.storyboard in Resources */ = {isa = PBXBuildFile; fileRef = 0A84D6B11E719F62006EFDDF /* Main.storyboard */; };
		0A84D6B81E719F62006EFDDF /* LaunchScreen.storyboard in Resources */ = {isa = PBXBuildFile; fileRef = 0A84D6B61E719F62006EFDDF /* LaunchScreen.storyboard */; };
		0A84D6C01E71A138006EFDDF /* GitHubAPIManager.swift in Sources */ = {isa = PBXBuildFile; fileRef = 0A84D6BF1E71A138006EFDDF /* GitHubAPIManager.swift */; };
		0A84D6E61E71A5CC006EFDDF /* GistRouter.swift in Sources */ = {isa = PBXBuildFile; fileRef = 0A84D6E51E71A5CC006EFDDF /* GistRouter.swift */; };
		0A8910BC1E73109D0099FB60 /* Gist.swift in Sources */ = {isa = PBXBuildFile; fileRef = 0A8910BB1E73109D0099FB60 /* Gist.swift */; };
		AFD85BCA10934AF611F12437 /* Pods_githubGists.framework in Frameworks */ = {isa = PBXBuildFile; fileRef = D229144CDA56BB0536C93AAF /* Pods_githubGists.framework */; };
/* End PBXBuildFile section */

/* Begin PBXFileReference section */
		0A042A1E1EC489640093AAF3 /* customObjects.swift */ = {isa = PBXFileReference; fileEncoding = 4; lastKnownFileType = sourcecode.swift; path = customObjects.swift; sourceTree = "<group>"; };
		0A3175FC1E80444100742DA3 /* Assets.xcassets */ = {isa = PBXFileReference; lastKnownFileType = folder.assetcatalog; path = Assets.xcassets; sourceTree = "<group>"; };
		0A7ACA3C1E89305300332A76 /* ShadowColour.swift */ = {isa = PBXFileReference; fileEncoding = 4; lastKnownFileType = sourcecode.swift; path = ShadowColour.swift; sourceTree = "<group>"; };
		0A7ACA3E1E89308D00332A76 /* CustomButton.swift */ = {isa = PBXFileReference; fileEncoding = 4; lastKnownFileType = sourcecode.swift; path = CustomButton.swift; sourceTree = "<group>"; };
		0A7ACA401E8941FA00332A76 /* LoginViewController.swift */ = {isa = PBXFileReference; fileEncoding = 4; lastKnownFileType = sourcecode.swift; path = LoginViewController.swift; sourceTree = "<group>"; };
		0A7ACA421E8958A800332A76 /* SafariServices.framework */ = {isa = PBXFileReference; lastKnownFileType = wrapper.framework; name = SafariServices.framework; path = System/Library/Frameworks/SafariServices.framework; sourceTree = SDKROOT; };
		0A84D6A81E719F62006EFDDF /* githubGists.app */ = {isa = PBXFileReference; explicitFileType = wrapper.application; includeInIndex = 0; path = githubGists.app; sourceTree = BUILT_PRODUCTS_DIR; };
		0A84D6AB1E719F62006EFDDF /* AppDelegate.swift */ = {isa = PBXFileReference; lastKnownFileType = sourcecode.swift; path = AppDelegate.swift; sourceTree = "<group>"; };
		0A84D6AD1E719F62006EFDDF /* MasterViewController.swift */ = {isa = PBXFileReference; lastKnownFileType = sourcecode.swift; path = MasterViewController.swift; sourceTree = "<group>"; };
		0A84D6AF1E719F62006EFDDF /* DetailViewController.swift */ = {isa = PBXFileReference; lastKnownFileType = sourcecode.swift; path = DetailViewController.swift; sourceTree = "<group>"; };
		0A84D6B21E719F62006EFDDF /* Base */ = {isa = PBXFileReference; lastKnownFileType = file.storyboard; name = Base; path = Base.lproj/Main.storyboard; sourceTree = "<group>"; };
		0A84D6B71E719F62006EFDDF /* Base */ = {isa = PBXFileReference; lastKnownFileType = file.storyboard; name = Base; path = Base.lproj/LaunchScreen.storyboard; sourceTree = "<group>"; };
		0A84D6B91E719F62006EFDDF /* Info.plist */ = {isa = PBXFileReference; lastKnownFileType = text.plist.xml; path = Info.plist; sourceTree = "<group>"; };
		0A84D6BF1E71A138006EFDDF /* GitHubAPIManager.swift */ = {isa = PBXFileReference; fileEncoding = 4; lastKnownFileType = sourcecode.swift; path = GitHubAPIManager.swift; sourceTree = "<group>"; };
		0A84D6E51E71A5CC006EFDDF /* GistRouter.swift */ = {isa = PBXFileReference; fileEncoding = 4; lastKnownFileType = sourcecode.swift; path = GistRouter.swift; sourceTree = "<group>"; };
		0A8910BB1E73109D0099FB60 /* Gist.swift */ = {isa = PBXFileReference; fileEncoding = 4; lastKnownFileType = sourcecode.swift; path = Gist.swift; sourceTree = "<group>"; };
		91900CA377B4E252B116A48C /* Pods-githubGists.release.xcconfig */ = {isa = PBXFileReference; includeInIndex = 1; lastKnownFileType = text.xcconfig; name = "Pods-githubGists.release.xcconfig"; path = "Pods/Target Support Files/Pods-githubGists/Pods-githubGists.release.xcconfig"; sourceTree = "<group>"; };
		A885D75863A03B259F04BCEB /* Pods-githubGists.debug.xcconfig */ = {isa = PBXFileReference; includeInIndex = 1; lastKnownFileType = text.xcconfig; name = "Pods-githubGists.debug.xcconfig"; path = "Pods/Target Support Files/Pods-githubGists/Pods-githubGists.debug.xcconfig"; sourceTree = "<group>"; };
		D229144CDA56BB0536C93AAF /* Pods_githubGists.framework */ = {isa = PBXFileReference; explicitFileType = wrapper.framework; includeInIndex = 0; path = Pods_githubGists.framework; sourceTree = BUILT_PRODUCTS_DIR; };
/* End PBXFileReference section */

/* Begin PBXFrameworksBuildPhase section */
		0A84D6A51E719F62006EFDDF /* Frameworks */ = {
			isa = PBXFrameworksBuildPhase;
			buildActionMask = 2147483647;
			files = (
				0A7ACA431E8958A800332A76 /* SafariServices.framework in Frameworks */,
				AFD85BCA10934AF611F12437 /* Pods_githubGists.framework in Frameworks */,
			);
			runOnlyForDeploymentPostprocessing = 0;
		};
/* End PBXFrameworksBuildPhase section */

/* Begin PBXGroup section */
		0909069C0DA19543E87B9723 /* Pods */ = {
			isa = PBXGroup;
			children = (
				A885D75863A03B259F04BCEB /* Pods-githubGists.debug.xcconfig */,
				91900CA377B4E252B116A48C /* Pods-githubGists.release.xcconfig */,
			);
			name = Pods;
			sourceTree = "<group>";
		};
		0A7ACA361E892F8100332A76 /* Views */ = {
			isa = PBXGroup;
			children = (
				0A7ACA3B1E89301000332A76 /* CustomButton */,
			);
			name = Views;
			sourceTree = "<group>";
		};
		0A7ACA371E892F9200332A76 /* Controllers */ = {
			isa = PBXGroup;
			children = (
				0A84D6AD1E719F62006EFDDF /* MasterViewController.swift */,
				0A84D6AF1E719F62006EFDDF /* DetailViewController.swift */,
				0A7ACA401E8941FA00332A76 /* LoginViewController.swift */,
				0A042A1E1EC489640093AAF3 /* customObjects.swift */,
			);
			name = Controllers;
			sourceTree = "<group>";
		};
		0A7ACA381E892FAC00332A76 /* API */ = {
			isa = PBXGroup;
			children = (
				0A84D6BF1E71A138006EFDDF /* GitHubAPIManager.swift */,
				0A84D6E51E71A5CC006EFDDF /* GistRouter.swift */,
			);
			name = API;
			sourceTree = "<group>";
		};
		0A7ACA3A1E892FCE00332A76 /* Models */ = {
			isa = PBXGroup;
			children = (
				0A8910BB1E73109D0099FB60 /* Gist.swift */,
			);
			name = Models;
			sourceTree = "<group>";
		};
		0A7ACA3B1E89301000332A76 /* CustomButton */ = {
			isa = PBXGroup;
			children = (
				0A7ACA3C1E89305300332A76 /* ShadowColour.swift */,
				0A7ACA3E1E89308D00332A76 /* CustomButton.swift */,
			);
			name = CustomButton;
			sourceTree = "<group>";
		};
		0A84D69F1E719F62006EFDDF = {
			isa = PBXGroup;
			children = (
				0A84D6AA1E719F62006EFDDF /* githubGists */,
				0A84D6A91E719F62006EFDDF /* Products */,
				0909069C0DA19543E87B9723 /* Pods */,
				56A10A313C062337FF8D98C6 /* Frameworks */,
			);
			sourceTree = "<group>";
		};
		0A84D6A91E719F62006EFDDF /* Products */ = {
			isa = PBXGroup;
			children = (
				0A84D6A81E719F62006EFDDF /* githubGists.app */,
			);
			name = Products;
			sourceTree = "<group>";
		};
		0A84D6AA1E719F62006EFDDF /* githubGists */ = {
			isa = PBXGroup;
			children = (
				0A84D6AB1E719F62006EFDDF /* AppDelegate.swift */,
				0A7ACA3A1E892FCE00332A76 /* Models */,
				0A7ACA361E892F8100332A76 /* Views */,
				0A7ACA371E892F9200332A76 /* Controllers */,
				0A7ACA381E892FAC00332A76 /* API */,
				0A84D6B11E719F62006EFDDF /* Main.storyboard */,
				0A3175FC1E80444100742DA3 /* Assets.xcassets */,
				0A84D6B61E719F62006EFDDF /* LaunchScreen.storyboard */,
				0A84D6B91E719F62006EFDDF /* Info.plist */,
			);
			path = githubGists;
			sourceTree = "<group>";
		};
		56A10A313C062337FF8D98C6 /* Frameworks */ = {
			isa = PBXGroup;
			children = (
				0A7ACA421E8958A800332A76 /* SafariServices.framework */,
				D229144CDA56BB0536C93AAF /* Pods_githubGists.framework */,
			);
			name = Frameworks;
			sourceTree = "<group>";
		};
/* End PBXGroup section */

/* Begin PBXNativeTarget section */
		0A84D6A71E719F62006EFDDF /* githubGists */ = {
			isa = PBXNativeTarget;
			buildConfigurationList = 0A84D6BC1E719F62006EFDDF /* Build configuration list for PBXNativeTarget "githubGists" */;
			buildPhases = (
				0F29EC76DA1C0F0B51D9C4EB /* [CP] Check Pods Manifest.lock */,
				0A84D6A41E719F62006EFDDF /* Sources */,
				0A84D6A51E719F62006EFDDF /* Frameworks */,
				0A84D6A61E719F62006EFDDF /* Resources */,
				6D26A0564EA4BD86D3B1A010 /* [CP] Embed Pods Frameworks */,
				0F88FF10281D99C4A9DCA5A5 /* [CP] Copy Pods Resources */,
			);
			buildRules = (
			);
			dependencies = (
			);
			name = githubGists;
			productName = githubGists;
			productReference = 0A84D6A81E719F62006EFDDF /* githubGists.app */;
			productType = "com.apple.product-type.application";
		};
/* End PBXNativeTarget section */

/* Begin PBXProject section */
		0A84D6A01E719F62006EFDDF /* Project object */ = {
			isa = PBXProject;
			attributes = {
				LastSwiftUpdateCheck = 0820;
				LastUpgradeCheck = 0820;
				ORGANIZATIONNAME = "Danyal Aboobakar";
				TargetAttributes = {
					0A84D6A71E719F62006EFDDF = {
						CreatedOnToolsVersion = 8.2.1;
						DevelopmentTeam = 4JZK755G63;
						ProvisioningStyle = Automatic;
					};
				};
			};
			buildConfigurationList = 0A84D6A31E719F62006EFDDF /* Build configuration list for PBXProject "githubGists" */;
			compatibilityVersion = "Xcode 3.2";
			developmentRegion = English;
			hasScannedForEncodings = 0;
			knownRegions = (
				en,
				Base,
			);
			mainGroup = 0A84D69F1E719F62006EFDDF;
			productRefGroup = 0A84D6A91E719F62006EFDDF /* Products */;
			projectDirPath = "";
			projectRoot = "";
			targets = (
				0A84D6A71E719F62006EFDDF /* githubGists */,
			);
		};
/* End PBXProject section */

/* Begin PBXResourcesBuildPhase section */
		0A84D6A61E719F62006EFDDF /* Resources */ = {
			isa = PBXResourcesBuildPhase;
			buildActionMask = 2147483647;
			files = (
				0A84D6B81E719F62006EFDDF /* LaunchScreen.storyboard in Resources */,
				0A3175FD1E80444100742DA3 /* Assets.xcassets in Resources */,
				0A84D6B31E719F62006EFDDF /* Main.storyboard in Resources */,
			);
			runOnlyForDeploymentPostprocessing = 0;
		};
/* End PBXResourcesBuildPhase section */

/* Begin PBXShellScriptBuildPhase section */
		0F29EC76DA1C0F0B51D9C4EB /* [CP] Check Pods Manifest.lock */ = {
			isa = PBXShellScriptBuildPhase;
			buildActionMask = 2147483647;
			files = (
			);
			inputPaths = (
			);
			name = "[CP] Check Pods Manifest.lock";
			outputPaths = (
			);
			runOnlyForDeploymentPostprocessing = 0;
			shellPath = /bin/sh;
			shellScript = "diff \"${PODS_ROOT}/../Podfile.lock\" \"${PODS_ROOT}/Manifest.lock\" > /dev/null\nif [ $? != 0 ] ; then\n    # print error to STDERR\n    echo \"error: The sandbox is not in sync with the Podfile.lock. Run 'pod install' or update your CocoaPods installation.\" >&2\n    exit 1\nfi\n";
			showEnvVarsInLog = 0;
		};
		0F88FF10281D99C4A9DCA5A5 /* [CP] Copy Pods Resources */ = {
			isa = PBXShellScriptBuildPhase;
			buildActionMask = 2147483647;
			files = (
			);
			inputPaths = (
			);
			name = "[CP] Copy Pods Resources";
			outputPaths = (
			);
			runOnlyForDeploymentPostprocessing = 0;
			shellPath = /bin/sh;
			shellScript = "\"${SRCROOT}/Pods/Target Support Files/Pods-githubGists/Pods-githubGists-resources.sh\"\n";
			showEnvVarsInLog = 0;
		};
		6D26A0564EA4BD86D3B1A010 /* [CP] Embed Pods Frameworks */ = {
			isa = PBXShellScriptBuildPhase;
			buildActionMask = 2147483647;
			files = (
			);
			inputPaths = (
			);
			name = "[CP] Embed Pods Frameworks";
			outputPaths = (
			);
			runOnlyForDeploymentPostprocessing = 0;
			shellPath = /bin/sh;
			shellScript = "\"${SRCROOT}/Pods/Target Support Files/Pods-githubGists/Pods-githubGists-frameworks.sh\"\n";
			showEnvVarsInLog = 0;
		};
/* End PBXShellScriptBuildPhase section */

/* Begin PBXSourcesBuildPhase section */
		0A84D6A41E719F62006EFDDF /* Sources */ = {
			isa = PBXSourcesBuildPhase;
			buildActionMask = 2147483647;
			files = (
				0A7ACA411E8941FA00332A76 /* LoginViewController.swift in Sources */,
				0A84D6B01E719F62006EFDDF /* DetailViewController.swift in Sources */,
				0A84D6C01E71A138006EFDDF /* GitHubAPIManager.swift in Sources */,
				0A8910BC1E73109D0099FB60 /* Gist.swift in Sources */,
				0A84D6AE1E719F62006EFDDF /* MasterViewController.swift in Sources */,
				0A7ACA3F1E89308D00332A76 /* CustomButton.swift in Sources */,
				0A84D6E61E71A5CC006EFDDF /* GistRouter.swift in Sources */,
				0A042A1F1EC489640093AAF3 /* customObjects.swift in Sources */,
				0A7ACA3D1E89305300332A76 /* ShadowColour.swift in Sources */,
				0A84D6AC1E719F62006EFDDF /* AppDelegate.swift in Sources */,
			);
			runOnlyForDeploymentPostprocessing = 0;
		};
/* End PBXSourcesBuildPhase section */

/* Begin PBXVariantGroup section */
		0A84D6B11E719F62006EFDDF /* Main.storyboard */ = {
			isa = PBXVariantGroup;
			children = (
				0A84D6B21E719F62006EFDDF /* Base */,
			);
			name = Main.storyboard;
			sourceTree = "<group>";
		};
		0A84D6B61E719F62006EFDDF /* LaunchScreen.storyboard */ = {
			isa = PBXVariantGroup;
			children = (
				0A84D6B71E719F62006EFDDF /* Base */,
			);
			name = LaunchScreen.storyboard;
			sourceTree = "<group>";
		};
/* End PBXVariantGroup section */

/* Begin XCBuildConfiguration section */
		0A84D6BA1E719F62006EFDDF /* Debug */ = {
			isa = XCBuildConfiguration;
			buildSettings = {
				ALWAYS_SEARCH_USER_PATHS = NO;
				CLANG_ANALYZER_NONNULL = YES;
				CLANG_CXX_LANGUAGE_STANDARD = "gnu++0x";
				CLANG_CXX_LIBRARY = "libc++";
				CLANG_ENABLE_MODULES = YES;
				CLANG_ENABLE_OBJC_ARC = YES;
				CLANG_WARN_BOOL_CONVERSION = YES;
				CLANG_WARN_CONSTANT_CONVERSION = YES;
				CLANG_WARN_DIRECT_OBJC_ISA_USAGE = YES_ERROR;
				CLANG_WARN_DOCUMENTATION_COMMENTS = YES;
				CLANG_WARN_EMPTY_BODY = YES;
				CLANG_WARN_ENUM_CONVERSION = YES;
				CLANG_WARN_INFINITE_RECURSION = YES;
				CLANG_WARN_INT_CONVERSION = YES;
				CLANG_WARN_OBJC_ROOT_CLASS = YES_ERROR;
				CLANG_WARN_SUSPICIOUS_MOVE = YES;
				CLANG_WARN_UNREACHABLE_CODE = YES;
				CLANG_WARN__DUPLICATE_METHOD_MATCH = YES;
				"CODE_SIGN_IDENTITY[sdk=iphoneos*]" = "iPhone Developer";
				COPY_PHASE_STRIP = NO;
				DEBUG_INFORMATION_FORMAT = dwarf;
				ENABLE_STRICT_OBJC_MSGSEND = YES;
				ENABLE_TESTABILITY = YES;
				GCC_C_LANGUAGE_STANDARD = gnu99;
				GCC_DYNAMIC_NO_PIC = NO;
				GCC_NO_COMMON_BLOCKS = YES;
				GCC_OPTIMIZATION_LEVEL = 0;
				GCC_PREPROCESSOR_DEFINITIONS = (
					"DEBUG=1",
					"$(inherited)",
				);
				GCC_WARN_64_TO_32_BIT_CONVERSION = YES;
				GCC_WARN_ABOUT_RETURN_TYPE = YES_ERROR;
				GCC_WARN_UNDECLARED_SELECTOR = YES;
				GCC_WARN_UNINITIALIZED_AUTOS = YES_AGGRESSIVE;
				GCC_WARN_UNUSED_FUNCTION = YES;
				GCC_WARN_UNUSED_VARIABLE = YES;
				IPHONEOS_DEPLOYMENT_TARGET = 10.2;
				MTL_ENABLE_DEBUG_INFO = YES;
				ONLY_ACTIVE_ARCH = YES;
				SDKROOT = iphoneos;
				SWIFT_ACTIVE_COMPILATION_CONDITIONS = DEBUG;
				SWIFT_OPTIMIZATION_LEVEL = "-Onone";
			};
			name = Debug;
		};
		0A84D6BB1E719F62006EFDDF /* Release */ = {
			isa = XCBuildConfiguration;
			buildSettings = {
				ALWAYS_SEARCH_USER_PATHS = NO;
				CLANG_ANALYZER_NONNULL = YES;
				CLANG_CXX_LANGUAGE_STANDARD = "gnu++0x";
				CLANG_CXX_LIBRARY = "libc++";
				CLANG_ENABLE_MODULES = YES;
				CLANG_ENABLE_OBJC_ARC = YES;
				CLANG_WARN_BOOL_CONVERSION = YES;
				CLANG_WARN_CONSTANT_CONVERSION = YES;
				CLANG_WARN_DIRECT_OBJC_ISA_USAGE = YES_ERROR;
				CLANG_WARN_DOCUMENTATION_COMMENTS = YES;
				CLANG_WARN_EMPTY_BODY = YES;
				CLANG_WARN_ENUM_CONVERSION = YES;
				CLANG_WARN_INFINITE_RECURSION = YES;
				CLANG_WARN_INT_CONVERSION = YES;
				CLANG_WARN_OBJC_ROOT_CLASS = YES_ERROR;
				CLANG_WARN_SUSPICIOUS_MOVE = YES;
				CLANG_WARN_UNREACHABLE_CODE = YES;
				CLANG_WARN__DUPLICATE_METHOD_MATCH = YES;
				"CODE_SIGN_IDENTITY[sdk=iphoneos*]" = "iPhone Developer";
				COPY_PHASE_STRIP = NO;
				DEBUG_INFORMATION_FORMAT = "dwarf-with-dsym";
				ENABLE_NS_ASSERTIONS = NO;
				ENABLE_STRICT_OBJC_MSGSEND = YES;
				GCC_C_LANGUAGE_STANDARD = gnu99;
				GCC_NO_COMMON_BLOCKS = YES;
				GCC_WARN_64_TO_32_BIT_CONVERSION = YES;
				GCC_WARN_ABOUT_RETURN_TYPE = YES_ERROR;
				GCC_WARN_UNDECLARED_SELECTOR = YES;
				GCC_WARN_UNINITIALIZED_AUTOS = YES_AGGRESSIVE;
				GCC_WARN_UNUSED_FUNCTION = YES;
				GCC_WARN_UNUSED_VARIABLE = YES;
				IPHONEOS_DEPLOYMENT_TARGET = 10.2;
				MTL_ENABLE_DEBUG_INFO = NO;
				SDKROOT = iphoneos;
				SWIFT_OPTIMIZATION_LEVEL = "-Owholemodule";
				VALIDATE_PRODUCT = YES;
			};
			name = Release;
		};
		0A84D6BD1E719F62006EFDDF /* Debug */ = {
			isa = XCBuildConfiguration;
			baseConfigurationReference = A885D75863A03B259F04BCEB /* Pods-githubGists.debug.xcconfig */;
			buildSettings = {
				ASSETCATALOG_COMPILER_APPICON_NAME = AppIcon;
				DEVELOPMENT_TEAM = 4JZK755G63;
				INFOPLIST_FILE = githubGists/Info.plist;
				LD_RUNPATH_SEARCH_PATHS = "$(inherited) @executable_path/Frameworks";
				PRODUCT_BUNDLE_IDENTIFIER = com.danyal.githubGists;
				PRODUCT_NAME = "$(TARGET_NAME)";
				SWIFT_VERSION = 3.0;
			};
			name = Debug;
		};
		0A84D6BE1E719F62006EFDDF /* Release */ = {
			isa = XCBuildConfiguration;
			baseConfigurationReference = 91900CA377B4E252B116A48C /* Pods-githubGists.release.xcconfig */;
			buildSettings = {
				ASSETCATALOG_COMPILER_APPICON_NAME = AppIcon;
				DEVELOPMENT_TEAM = 4JZK755G63;
				INFOPLIST_FILE = githubGists/Info.plist;
				LD_RUNPATH_SEARCH_PATHS = "$(inherited) @executable_path/Frameworks";
				PRODUCT_BUNDLE_IDENTIFIER = com.danyal.githubGists;
				PRODUCT_NAME = "$(TARGET_NAME)";
				SWIFT_VERSION = 3.0;
			};
			name = Release;
		};
/* End XCBuildConfiguration section */

/* Begin XCConfigurationList section */
		0A84D6A31E719F62006EFDDF /* Build configuration list for PBXProject "githubGists" */ = {
			isa = XCConfigurationList;
			buildConfigurations = (
				0A84D6BA1E719F62006EFDDF /* Debug */,
				0A84D6BB1E719F62006EFDDF /* Release */,
			);
			defaultConfigurationIsVisible = 0;
			defaultConfigurationName = Release;
		};
		0A84D6BC1E719F62006EFDDF /* Build configuration list for PBXNativeTarget "githubGists" */ = {
			isa = XCConfigurationList;
			buildConfigurations = (
				0A84D6BD1E719F62006EFDDF /* Debug */,
				0A84D6BE1E719F62006EFDDF /* Release */,
			);
			defaultConfigurationIsVisible = 0;
			defaultConfigurationName = Release;
		};
/* End XCConfigurationList section */
	};
	rootObject = 0A84D6A01E719F62006EFDDF /* Project object */;
}
